# This file is automatically @generated by Cargo.
# It is not intended for manual editing.
version = 4

[[package]]
name = "fv1-asm"
version = "0.1.0"

[[package]]
name = "fv1-cli"
version = "0.1.0"
dependencies = [
 "fv1-asm",
]

[[package]]
name = "fv1-examples"
version = "0.1.0"
dependencies = [
 "fv1-asm",
]
